
Microsoft Visual Studio Solution File, Format Version 12.00
# Visual Studio 15
VisualStudioVersion = 15.0.28307.1433
MinimumVisualStudioVersion = 10.0.40219.1
Project("{FAE04EC0-301F-11D3-BF4B-00C04F79EFBC}") = "BATDONGSAN", "BATDONGSAN\BATDONGSAN.csproj", "{B144A543-6CC0-4CBA-A5D3-C480804834A2}"
EndProject
Global
	GlobalSection(SolutionConfigurationPlatforms) = preSolution
		Debug|Any CPU = Debug|Any CPU
		Release|Any CPU = Release|Any CPU
	EndGlobalSection
	GlobalSection(ProjectConfigurationPlatforms) = postSolution
		{B144A543-6CC0-4CBA-A5D3-C480804834A2}.Debug|Any CPU.ActiveCfg = Debug|Any CPU
		{B144A543-6CC0-4CBA-A5D3-C480804834A2}.Debug|Any CPU.Build.0 = Debug|Any CPU
		{B144A543-6CC0-4CBA-A5D3-C480804834A2}.Release|Any CPU.ActiveCfg = Release|Any CPU
		{B144A543-6CC0-4CBA-A5D3-C480804834A2}.Release|Any CPU.Build.0 = Release|Any CPU
	EndGlobalSection
	GlobalSection(SolutionProperties) = preSolution
		HideSolutionNode = FALSE
	EndGlobalSection
	GlobalSection(ExtensibilityGlobals) = postSolution
		SolutionGuid = {71A22E1E-0C18-4C0C-8485-072A0E86B2D2}
	EndGlobalSection
EndGlobal
